
Microsoft Visual Studio Solution File, Format Version 12.00
# Visual Studio 15
VisualStudioVersion = 15.0.28010.2016
MinimumVisualStudioVersion = 10.0.40219.1
Project("{FAE04EC0-301F-11D3-BF4B-00C04F79EFBC}") = "ExpressiveReturnTypes", "ExpressiveReturnTypes\ExpressiveReturnTypes.csproj", "{2E1E0DC3-490F-42D2-BCE2-ADCDC7114DB0}"
EndProject
Project("{FAE04EC0-301F-11D3-BF4B-00C04F79EFBC}") = "ConsoleApplication", "ConsoleApplication\ConsoleApplication.csproj", "{EB32721A-83C3-4649-80C4-8DB74790B7D4}"
EndProject
Global
	GlobalSection(SolutionConfigurationPlatforms) = preSolution
		Debug|Any CPU = Debug|Any CPU
		Release|Any CPU = Release|Any CPU
	EndGlobalSection
	GlobalSection(ProjectConfigurationPlatforms) = postSolution
		{2E1E0DC3-490F-42D2-BCE2-ADCDC7114DB0}.Debug|Any CPU.ActiveCfg = Debug|Any CPU
		{2E1E0DC3-490F-42D2-BCE2-ADCDC7114DB0}.Debug|Any CPU.Build.0 = Debug|Any CPU
		{2E1E0DC3-490F-42D2-BCE2-ADCDC7114DB0}.Release|Any CPU.ActiveCfg = Release|Any CPU
		{2E1E0DC3-490F-42D2-BCE2-ADCDC7114DB0}.Release|Any CPU.Build.0 = Release|Any CPU
		{EB32721A-83C3-4649-80C4-8DB74790B7D4}.Debug|Any CPU.ActiveCfg = Debug|Any CPU
		{EB32721A-83C3-4649-80C4-8DB74790B7D4}.Debug|Any CPU.Build.0 = Debug|Any CPU
		{EB32721A-83C3-4649-80C4-8DB74790B7D4}.Release|Any CPU.ActiveCfg = Release|Any CPU
		{EB32721A-83C3-4649-80C4-8DB74790B7D4}.Release|Any CPU.Build.0 = Release|Any CPU
	EndGlobalSection
	GlobalSection(SolutionProperties) = preSolution
		HideSolutionNode = FALSE
	EndGlobalSection
	GlobalSection(ExtensibilityGlobals) = postSolution
		SolutionGuid = {CF6B3910-5FF4-488B-BDDC-43BED1A946A5}
	EndGlobalSection
EndGlobal
